
Microsoft Visual Studio Solution File, Format Version 12.00
# Visual Studio Version 17
VisualStudioVersion = 17.11.35303.130
MinimumVisualStudioVersion = 10.0.40219.1
Project("{E24C65DC-7377-472B-9ABA-BC803B73C61A}") = "Ass1Q5", ".", "{FBE7E7B6-ECA0-41B7-989D-4D33D627672A}"
	ProjectSection(WebsiteProperties) = preProject
		TargetFrameworkMoniker = ".NETFramework,Version%3Dv4.7.2"
		Debug.AspNetCompiler.VirtualPath = "/localhost_53342"
		Debug.AspNetCompiler.PhysicalPath = "..\Ass1Q5\"
		Debug.AspNetCompiler.TargetPath = "PrecompiledWeb\localhost_53342\"
		Debug.AspNetCompiler.Updateable = "true"
		Debug.AspNetCompiler.ForceOverwrite = "true"
		Debug.AspNetCompiler.FixedNames = "false"
		Debug.AspNetCompiler.Debug = "True"
		Release.AspNetCompiler.VirtualPath = "/localhost_53342"
		Release.AspNetCompiler.PhysicalPath = "..\Ass1Q5\"
		Release.AspNetCompiler.TargetPath = "PrecompiledWeb\localhost_53342\"
		Release.AspNetCompiler.Updateable = "true"
		Release.AspNetCompiler.ForceOverwrite = "true"
		Release.AspNetCompiler.FixedNames = "false"
		Release.AspNetCompiler.Debug = "False"
		VWDPort = "53342"
		SlnRelativePath = "..\Ass1Q5\"
		DefaultWebSiteLanguage = "Visual C#"
	EndProjectSection
EndProject
Global
	GlobalSection(SolutionConfigurationPlatforms) = preSolution
		Debug|Any CPU = Debug|Any CPU
	EndGlobalSection
	GlobalSection(ProjectConfigurationPlatforms) = postSolution
		{FBE7E7B6-ECA0-41B7-989D-4D33D627672A}.Debug|Any CPU.ActiveCfg = Debug|Any CPU
		{FBE7E7B6-ECA0-41B7-989D-4D33D627672A}.Debug|Any CPU.Build.0 = Debug|Any CPU
	EndGlobalSection
	GlobalSection(SolutionProperties) = preSolution
		HideSolutionNode = FALSE
	EndGlobalSection
	GlobalSection(ExtensibilityGlobals) = postSolution
		SolutionGuid = {0FA0C655-8C49-4E27-A68A-4A82AB323FFA}
	EndGlobalSection
EndGlobal
